
Microsoft Visual Studio Solution File, Format Version 12.00
# Visual Studio 15
VisualStudioVersion = 15.0.28307.421
MinimumVisualStudioVersion = 10.0.40219.1
Project("{FAE04EC0-301F-11D3-BF4B-00C04F79EFBC}") = "MethodEx", "MethodEx\MethodEx.csproj", "{46880759-CE45-47EE-BF8C-D30A90D0B904}"
EndProject
Global
	GlobalSection(SolutionConfigurationPlatforms) = preSolution
		Debug|Any CPU = Debug|Any CPU
		Release|Any CPU = Release|Any CPU
	EndGlobalSection
	GlobalSection(ProjectConfigurationPlatforms) = postSolution
		{46880759-CE45-47EE-BF8C-D30A90D0B904}.Debug|Any CPU.ActiveCfg = Debug|Any CPU
		{46880759-CE45-47EE-BF8C-D30A90D0B904}.Debug|Any CPU.Build.0 = Debug|Any CPU
		{46880759-CE45-47EE-BF8C-D30A90D0B904}.Release|Any CPU.ActiveCfg = Release|Any CPU
		{46880759-CE45-47EE-BF8C-D30A90D0B904}.Release|Any CPU.Build.0 = Release|Any CPU
	EndGlobalSection
	GlobalSection(SolutionProperties) = preSolution
		HideSolutionNode = FALSE
	EndGlobalSection
	GlobalSection(ExtensibilityGlobals) = postSolution
		SolutionGuid = {EB5EB55E-5476-4CB3-A932-E2FD95CEE784}
	EndGlobalSection
EndGlobal
