
Microsoft Visual Studio Solution File, Format Version 12.00
# Visual Studio 15
VisualStudioVersion = 15.0.28307.421
MinimumVisualStudioVersion = 10.0.40219.1
Project("{FAE04EC0-301F-11D3-BF4B-00C04F79EFBC}") = "ArrayEx2", "ArrayEx2\ArrayEx2.csproj", "{C5AD565B-3E2D-4B6B-BF90-C64B86A63D1B}"
EndProject
Global
	GlobalSection(SolutionConfigurationPlatforms) = preSolution
		Debug|Any CPU = Debug|Any CPU
		Release|Any CPU = Release|Any CPU
	EndGlobalSection
	GlobalSection(ProjectConfigurationPlatforms) = postSolution
		{C5AD565B-3E2D-4B6B-BF90-C64B86A63D1B}.Debug|Any CPU.ActiveCfg = Debug|Any CPU
		{C5AD565B-3E2D-4B6B-BF90-C64B86A63D1B}.Debug|Any CPU.Build.0 = Debug|Any CPU
		{C5AD565B-3E2D-4B6B-BF90-C64B86A63D1B}.Release|Any CPU.ActiveCfg = Release|Any CPU
		{C5AD565B-3E2D-4B6B-BF90-C64B86A63D1B}.Release|Any CPU.Build.0 = Release|Any CPU
	EndGlobalSection
	GlobalSection(SolutionProperties) = preSolution
		HideSolutionNode = FALSE
	EndGlobalSection
	GlobalSection(ExtensibilityGlobals) = postSolution
		SolutionGuid = {DC6BE628-E139-4393-91A5-F2FD8504FC21}
	EndGlobalSection
EndGlobal
