
Microsoft Visual Studio Solution File, Format Version 12.00
# Visual Studio 15
VisualStudioVersion = 15.0.28307.421
MinimumVisualStudioVersion = 10.0.40219.1
Project("{FAE04EC0-301F-11D3-BF4B-00C04F79EFBC}") = "ValueRefTypeEx", "ValueRefTypeEx\ValueRefTypeEx.csproj", "{2835976A-F24B-4FC4-9423-BA4EF758A97F}"
EndProject
Global
	GlobalSection(SolutionConfigurationPlatforms) = preSolution
		Debug|Any CPU = Debug|Any CPU
		Release|Any CPU = Release|Any CPU
	EndGlobalSection
	GlobalSection(ProjectConfigurationPlatforms) = postSolution
		{2835976A-F24B-4FC4-9423-BA4EF758A97F}.Debug|Any CPU.ActiveCfg = Debug|Any CPU
		{2835976A-F24B-4FC4-9423-BA4EF758A97F}.Debug|Any CPU.Build.0 = Debug|Any CPU
		{2835976A-F24B-4FC4-9423-BA4EF758A97F}.Release|Any CPU.ActiveCfg = Release|Any CPU
		{2835976A-F24B-4FC4-9423-BA4EF758A97F}.Release|Any CPU.Build.0 = Release|Any CPU
	EndGlobalSection
	GlobalSection(SolutionProperties) = preSolution
		HideSolutionNode = FALSE
	EndGlobalSection
	GlobalSection(ExtensibilityGlobals) = postSolution
		SolutionGuid = {BCDC1E33-0C81-412B-96E0-E8728C9C2BAF}
	EndGlobalSection
EndGlobal
