
Microsoft Visual Studio Solution File, Format Version 12.00
# Visual Studio 15
VisualStudioVersion = 15.0.28307.421
MinimumVisualStudioVersion = 10.0.40219.1
Project("{FAE04EC0-301F-11D3-BF4B-00C04F79EFBC}") = "ConvertTypeEx", "ConvertTypeEx\ConvertTypeEx.csproj", "{114D99B5-EFC8-43A4-B7C9-BD5DC5EA7FAB}"
EndProject
Global
	GlobalSection(SolutionConfigurationPlatforms) = preSolution
		Debug|Any CPU = Debug|Any CPU
		Release|Any CPU = Release|Any CPU
	EndGlobalSection
	GlobalSection(ProjectConfigurationPlatforms) = postSolution
		{114D99B5-EFC8-43A4-B7C9-BD5DC5EA7FAB}.Debug|Any CPU.ActiveCfg = Debug|Any CPU
		{114D99B5-EFC8-43A4-B7C9-BD5DC5EA7FAB}.Debug|Any CPU.Build.0 = Debug|Any CPU
		{114D99B5-EFC8-43A4-B7C9-BD5DC5EA7FAB}.Release|Any CPU.ActiveCfg = Release|Any CPU
		{114D99B5-EFC8-43A4-B7C9-BD5DC5EA7FAB}.Release|Any CPU.Build.0 = Release|Any CPU
	EndGlobalSection
	GlobalSection(SolutionProperties) = preSolution
		HideSolutionNode = FALSE
	EndGlobalSection
	GlobalSection(ExtensibilityGlobals) = postSolution
		SolutionGuid = {8453CE5D-6577-48A3-B8BC-0C722DF838CE}
	EndGlobalSection
EndGlobal
